
Microsoft Visual Studio Solution File, Format Version 12.00
# Visual Studio Version 17
VisualStudioVersion = 17.12.35527.113
MinimumVisualStudioVersion = 10.0.40219.1
Project("{FAE04EC0-301F-11D3-BF4B-00C04F79EFBC}") = "Versta.API", "Versta.API\Versta.API.csproj", "{A6F9691C-4515-418D-B45B-58FDE975CB5D}"
EndProject
Project("{FAE04EC0-301F-11D3-BF4B-00C04F79EFBC}") = "Versta.Application", "Versta.Application\Versta.Application.csproj", "{3F58F1F2-6222-4D4E-9D4B-C47AC0A0CCA6}"
EndProject
Project("{FAE04EC0-301F-11D3-BF4B-00C04F79EFBC}") = "Versta.Core", "Versta.Core\Versta.Core.csproj", "{C075969A-10CE-471F-810A-C7C5BC0A2BD1}"
EndProject
Project("{FAE04EC0-301F-11D3-BF4B-00C04F79EFBC}") = "Versta.DataAccess", "Versta.DataAccess\Versta.DataAccess.csproj", "{62748981-AEA7-4473-A2AC-573279BD3572}"
EndProject
Project("{2150E333-8FDC-42A3-9474-1A3956D46DE8}") = "Solution Items", "Solution Items", "{DD2E9AE1-4B83-483B-BAAD-532FE75FD17A}"
	ProjectSection(SolutionItems) = preProject
		README.txt = README.txt
	EndProjectSection
EndProject
Global
	GlobalSection(SolutionConfigurationPlatforms) = preSolution
		Debug|Any CPU = Debug|Any CPU
		Release|Any CPU = Release|Any CPU
	EndGlobalSection
	GlobalSection(ProjectConfigurationPlatforms) = postSolution
		{A6F9691C-4515-418D-B45B-58FDE975CB5D}.Debug|Any CPU.ActiveCfg = Debug|Any CPU
		{A6F9691C-4515-418D-B45B-58FDE975CB5D}.Debug|Any CPU.Build.0 = Debug|Any CPU
		{A6F9691C-4515-418D-B45B-58FDE975CB5D}.Release|Any CPU.ActiveCfg = Release|Any CPU
		{A6F9691C-4515-418D-B45B-58FDE975CB5D}.Release|Any CPU.Build.0 = Release|Any CPU
		{3F58F1F2-6222-4D4E-9D4B-C47AC0A0CCA6}.Debug|Any CPU.ActiveCfg = Debug|Any CPU
		{3F58F1F2-6222-4D4E-9D4B-C47AC0A0CCA6}.Debug|Any CPU.Build.0 = Debug|Any CPU
		{3F58F1F2-6222-4D4E-9D4B-C47AC0A0CCA6}.Release|Any CPU.ActiveCfg = Release|Any CPU
		{3F58F1F2-6222-4D4E-9D4B-C47AC0A0CCA6}.Release|Any CPU.Build.0 = Release|Any CPU
		{C075969A-10CE-471F-810A-C7C5BC0A2BD1}.Debug|Any CPU.ActiveCfg = Debug|Any CPU
		{C075969A-10CE-471F-810A-C7C5BC0A2BD1}.Debug|Any CPU.Build.0 = Debug|Any CPU
		{C075969A-10CE-471F-810A-C7C5BC0A2BD1}.Release|Any CPU.ActiveCfg = Release|Any CPU
		{C075969A-10CE-471F-810A-C7C5BC0A2BD1}.Release|Any CPU.Build.0 = Release|Any CPU
		{62748981-AEA7-4473-A2AC-573279BD3572}.Debug|Any CPU.ActiveCfg = Debug|Any CPU
		{62748981-AEA7-4473-A2AC-573279BD3572}.Debug|Any CPU.Build.0 = Debug|Any CPU
		{62748981-AEA7-4473-A2AC-573279BD3572}.Release|Any CPU.ActiveCfg = Release|Any CPU
		{62748981-AEA7-4473-A2AC-573279BD3572}.Release|Any CPU.Build.0 = Release|Any CPU
	EndGlobalSection
	GlobalSection(SolutionProperties) = preSolution
		HideSolutionNode = FALSE
	EndGlobalSection
EndGlobal
